
Microsoft Visual Studio Solution File, Format Version 11.00
# Visual Studio 2010
Project("{FAE04EC0-301F-11D3-BF4B-00C04F79EFBC}") = "CS_Client_Siemens", "CS_Client_Siemens.csproj", "{6DB2136D-1490-4E9A-9F30-6A33712C2D7E}"
EndProject
Global
	GlobalSection(SolutionConfigurationPlatforms) = preSolution
		Debug|Any CPU = Debug|Any CPU
		Release|Any CPU = Release|Any CPU
	EndGlobalSection
	GlobalSection(ProjectConfigurationPlatforms) = postSolution
		{6DB2136D-1490-4E9A-9F30-6A33712C2D7E}.Debug|Any CPU.ActiveCfg = Debug|Any CPU
		{6DB2136D-1490-4E9A-9F30-6A33712C2D7E}.Debug|Any CPU.Build.0 = Debug|Any CPU
		{6DB2136D-1490-4E9A-9F30-6A33712C2D7E}.Release|Any CPU.ActiveCfg = Release|Any CPU
		{6DB2136D-1490-4E9A-9F30-6A33712C2D7E}.Release|Any CPU.Build.0 = Release|Any CPU
	EndGlobalSection
	GlobalSection(SolutionProperties) = preSolution
		HideSolutionNode = FALSE
	EndGlobalSection
EndGlobal
